
Microsoft Visual Studio Solution File, Format Version 12.00
# Visual Studio Version 17
VisualStudioVersion = 17.8.34511.84
MinimumVisualStudioVersion = 10.0.40219.1
Project("{FAE04EC0-301F-11D3-BF4B-00C04F79EFBC}") = "ConsumeRestfulApi", "ConsumeRestfulApi\ConsumeRestfulApi.csproj", "{9BD26664-7D14-48F8-98A4-ACB762B92439}"
EndProject
Global
	GlobalSection(SolutionConfigurationPlatforms) = preSolution
		Debug|Any CPU = Debug|Any CPU
		Release|Any CPU = Release|Any CPU
	EndGlobalSection
	GlobalSection(ProjectConfigurationPlatforms) = postSolution
		{9BD26664-7D14-48F8-98A4-ACB762B92439}.Debug|Any CPU.ActiveCfg = Debug|Any CPU
		{9BD26664-7D14-48F8-98A4-ACB762B92439}.Debug|Any CPU.Build.0 = Debug|Any CPU
		{9BD26664-7D14-48F8-98A4-ACB762B92439}.Release|Any CPU.ActiveCfg = Release|Any CPU
		{9BD26664-7D14-48F8-98A4-ACB762B92439}.Release|Any CPU.Build.0 = Release|Any CPU
	EndGlobalSection
	GlobalSection(SolutionProperties) = preSolution
		HideSolutionNode = FALSE
	EndGlobalSection
	GlobalSection(ExtensibilityGlobals) = postSolution
		SolutionGuid = {6C0117C1-96DF-4820-9083-69A6FA0E8D7A}
	EndGlobalSection
EndGlobal
